
Microsoft Visual Studio Solution File, Format Version 12.00
# Visual Studio Version 17
VisualStudioVersion = 17.9.34714.143
MinimumVisualStudioVersion = 10.0.40219.1
Project("{FAE04EC0-301F-11D3-BF4B-00C04F79EFBC}") = "DesatyUkol", "DesatyUkol\DesatyUkol.csproj", "{450DD1C6-A82F-4D8E-A5D7-F6AA60794741}"
EndProject
Global
	GlobalSection(SolutionConfigurationPlatforms) = preSolution
		Debug|Any CPU = Debug|Any CPU
		Release|Any CPU = Release|Any CPU
	EndGlobalSection
	GlobalSection(ProjectConfigurationPlatforms) = postSolution
		{450DD1C6-A82F-4D8E-A5D7-F6AA60794741}.Debug|Any CPU.ActiveCfg = Debug|Any CPU
		{450DD1C6-A82F-4D8E-A5D7-F6AA60794741}.Debug|Any CPU.Build.0 = Debug|Any CPU
		{450DD1C6-A82F-4D8E-A5D7-F6AA60794741}.Release|Any CPU.ActiveCfg = Release|Any CPU
		{450DD1C6-A82F-4D8E-A5D7-F6AA60794741}.Release|Any CPU.Build.0 = Release|Any CPU
	EndGlobalSection
	GlobalSection(SolutionProperties) = preSolution
		HideSolutionNode = FALSE
	EndGlobalSection
	GlobalSection(ExtensibilityGlobals) = postSolution
		SolutionGuid = {8C798727-E4C8-43F1-A886-2D0CE9FFA412}
	EndGlobalSection
EndGlobal
